
Microsoft Visual Studio Solution File, Format Version 12.00
# Visual Studio 2013
VisualStudioVersion = 12.0.21005.1
MinimumVisualStudioVersion = 10.0.40219.1
Project("{FAE04EC0-301F-11D3-BF4B-00C04F79EFBC}") = "Splinter Trip", "Splinter Trip\Splinter Trip.csproj", "{116D30C2-0166-48AC-BF63-CE4210BAD8BB}"
EndProject
Project("{FAE04EC0-301F-11D3-BF4B-00C04F79EFBC}") = "SpyGram", "SpyGram\SpyGram.csproj", "{AFDE160B-1345-4CB9-9685-9E648B93F9A0}"
EndProject
Project("{FAE04EC0-301F-11D3-BF4B-00C04F79EFBC}") = "Spyfer", "Spyfer\Spyfer.csproj", "{E6C666F9-0E54-4A40-AEF7-A2DBB6DCCE65}"
EndProject
Project("{FAE04EC0-301F-11D3-BF4B-00C04F79EFBC}") = "NSA", "NSA\NSA.csproj", "{C5740C46-8A0B-46F0-8235-AA41AB45110B}"
EndProject
Global
	GlobalSection(SolutionConfigurationPlatforms) = preSolution
		Debug|Any CPU = Debug|Any CPU
		Release|Any CPU = Release|Any CPU
	EndGlobalSection
	GlobalSection(ProjectConfigurationPlatforms) = postSolution
		{116D30C2-0166-48AC-BF63-CE4210BAD8BB}.Debug|Any CPU.ActiveCfg = Debug|Any CPU
		{116D30C2-0166-48AC-BF63-CE4210BAD8BB}.Debug|Any CPU.Build.0 = Debug|Any CPU
		{116D30C2-0166-48AC-BF63-CE4210BAD8BB}.Release|Any CPU.ActiveCfg = Release|Any CPU
		{116D30C2-0166-48AC-BF63-CE4210BAD8BB}.Release|Any CPU.Build.0 = Release|Any CPU
		{AFDE160B-1345-4CB9-9685-9E648B93F9A0}.Debug|Any CPU.ActiveCfg = Debug|Any CPU
		{AFDE160B-1345-4CB9-9685-9E648B93F9A0}.Debug|Any CPU.Build.0 = Debug|Any CPU
		{AFDE160B-1345-4CB9-9685-9E648B93F9A0}.Release|Any CPU.ActiveCfg = Release|Any CPU
		{AFDE160B-1345-4CB9-9685-9E648B93F9A0}.Release|Any CPU.Build.0 = Release|Any CPU
		{E6C666F9-0E54-4A40-AEF7-A2DBB6DCCE65}.Debug|Any CPU.ActiveCfg = Debug|Any CPU
		{E6C666F9-0E54-4A40-AEF7-A2DBB6DCCE65}.Debug|Any CPU.Build.0 = Debug|Any CPU
		{E6C666F9-0E54-4A40-AEF7-A2DBB6DCCE65}.Release|Any CPU.ActiveCfg = Release|Any CPU
		{E6C666F9-0E54-4A40-AEF7-A2DBB6DCCE65}.Release|Any CPU.Build.0 = Release|Any CPU
		{C5740C46-8A0B-46F0-8235-AA41AB45110B}.Debug|Any CPU.ActiveCfg = Debug|Any CPU
		{C5740C46-8A0B-46F0-8235-AA41AB45110B}.Debug|Any CPU.Build.0 = Debug|Any CPU
		{C5740C46-8A0B-46F0-8235-AA41AB45110B}.Release|Any CPU.ActiveCfg = Release|Any CPU
		{C5740C46-8A0B-46F0-8235-AA41AB45110B}.Release|Any CPU.Build.0 = Release|Any CPU
	EndGlobalSection
	GlobalSection(SolutionProperties) = preSolution
		HideSolutionNode = FALSE
	EndGlobalSection
EndGlobal
